Microsoft Visual Studio Solution File, Format Version 12.00
# Visual Studio Version 16
VisualStudioVersion = 16.0.29424.173
MinimumVisualStudioVersion = 10.0.40219.1
Project("{9A19103F-16F7-4668-BE54-9A1E7A4F7556}") = "System.Localization", "System.Localization\System.Localization.csproj", "{673E3E74-D8EA-4B5D-8C95-CA5682BAD7AD}"
EndProject
Project("{FAE04EC0-301F-11D3-BF4B-00C04F79EFBC}") = "LocalisationSample", "LocalisationSample\LocalisationSample.csproj", "{27603980-8A3F-48BB-8F3F-AC377A9D4A33}"
EndProject
Global
	GlobalSection(SolutionConfigurationPlatforms) = preSolution
		Debug|Any CPU = Debug|Any CPU
		Release|Any CPU = Release|Any CPU
	EndGlobalSection
	GlobalSection(ProjectConfigurationPlatforms) = postSolution
		{673E3E74-D8EA-4B5D-8C95-CA5682BAD7AD}.Debug|Any CPU.ActiveCfg = Debug|Any CPU
		{673E3E74-D8EA-4B5D-8C95-CA5682BAD7AD}.Debug|Any CPU.Build.0 = Debug|Any CPU
		{673E3E74-D8EA-4B5D-8C95-CA5682BAD7AD}.Release|Any CPU.ActiveCfg = Release|Any CPU
		{673E3E74-D8EA-4B5D-8C95-CA5682BAD7AD}.Release|Any CPU.Build.0 = Release|Any CPU
		{27603980-8A3F-48BB-8F3F-AC377A9D4A33}.Debug|Any CPU.ActiveCfg = Debug|Any CPU
		{27603980-8A3F-48BB-8F3F-AC377A9D4A33}.Debug|Any CPU.Build.0 = Debug|Any CPU
		{27603980-8A3F-48BB-8F3F-AC377A9D4A33}.Release|Any CPU.ActiveCfg = Release|Any CPU
		{27603980-8A3F-48BB-8F3F-AC377A9D4A33}.Release|Any CPU.Build.0 = Release|Any CPU
	EndGlobalSection
	GlobalSection(SolutionProperties) = preSolution
		HideSolutionNode = FALSE
	EndGlobalSection
	GlobalSection(ExtensibilityGlobals) = postSolution
		SolutionGuid = {7447800D-0D3F-4BA0-86BA-B13D9EA66323}
	EndGlobalSection
EndGlobal
